
Microsoft Visual Studio Solution File, Format Version 12.00
# Visual Studio Version 16
VisualStudioVersion = 16.0.32929.386
MinimumVisualStudioVersion = 10.0.40219.1
Project("{FAE04EC0-301F-11D3-BF4B-00C04F79EFBC}") = "MixedInput", "MixedInput.csproj", "{8F0A52D6-50EC-4F93-B41B-AE29ABE41A71}"
EndProject
Global
	GlobalSection(SolutionConfigurationPlatforms) = preSolution
		Debug|Any CPU = Debug|Any CPU
		Release|Any CPU = Release|Any CPU
	EndGlobalSection
	GlobalSection(ProjectConfigurationPlatforms) = postSolution
		{8F0A52D6-50EC-4F93-B41B-AE29ABE41A71}.Debug|Any CPU.ActiveCfg = Debug|Any CPU
		{8F0A52D6-50EC-4F93-B41B-AE29ABE41A71}.Debug|Any CPU.Build.0 = Debug|Any CPU
		{8F0A52D6-50EC-4F93-B41B-AE29ABE41A71}.Release|Any CPU.ActiveCfg = Release|Any CPU
		{8F0A52D6-50EC-4F93-B41B-AE29ABE41A71}.Release|Any CPU.Build.0 = Release|Any CPU
	EndGlobalSection
	GlobalSection(SolutionProperties) = preSolution
		HideSolutionNode = FALSE
	EndGlobalSection
	GlobalSection(ExtensibilityGlobals) = postSolution
		SolutionGuid = {8D8F368C-1562-4BC8-B871-E29C60E19D2D}
	EndGlobalSection
EndGlobal
